{
  "name": "@nasi/ppx-react-native",
  "version": "0.1.1",
  "lockfileVersion": 1,
  "requires": true,
  "dependencies": {
    "esy": {
      "version": "0.6.10",
      "resolved": "https://registry.npmjs.org/esy/-/esy-0.6.10.tgz",
      "integrity": "sha512-O+mWNPB9NJqDr3CA1PUbWUO1ZSy53ksZWivGrvbquATR5INlp3CYguwkq4BzZACg1s1bVYyhr7byjB/l1nuGRA==",
      "dev": true
    }
  }
}
